// !$*UTF8*$!
{
	archiveVersion = 1;
	classes = {
	};
	objectVersion = 56;
	objects = {

/* Begin PBXBuildFile section */
		FD9BA5A62A73E0F100BECE68 /* AppDelegate.swift in Sources */ = {isa = PBXBuildFile; fileRef = FD9BA5A52A73E0F100BECE68 /* AppDelegate.swift */; };
		FD9BA5A82A73E0F100BECE68 /* SceneDelegate.swift in Sources */ = {isa = PBXBuildFile; fileRef = FD9BA5A72A73E0F100BECE68 /* SceneDelegate.swift */; };
		FD9BA5AA2A73E0F100BECE68 /* PostViewController.swift in Sources */ = {isa = PBXBuildFile; fileRef = FD9BA5A92A73E0F100BECE68 /* PostViewController.swift */; };
		FD9BA5AF2A73E0F200BECE68 /* Assets.xcassets in Resources */ = {isa = PBXBuildFile; fileRef = FD9BA5AE2A73E0F200BECE68 /* Assets.xcassets */; };
		FD9BA5B22A73E0F200BECE68 /* LaunchScreen.storyboard in Resources */ = {isa = PBXBuildFile; fileRef = FD9BA5B02A73E0F200BECE68 /* LaunchScreen.storyboard */; };
		FD9BA5BD2A73E0F200BECE68 /* TCITTestUIKITTests.swift in Sources */ = {isa = PBXBuildFile; fileRef = FD9BA5BC2A73E0F200BECE68 /* TCITTestUIKITTests.swift */; };
		FD9BA5C72A73E0F200BECE68 /* TCITTestUIKITUITests.swift in Sources */ = {isa = PBXBuildFile; fileRef = FD9BA5C62A73E0F200BECE68 /* TCITTestUIKITUITests.swift */; };
		FD9BA5C92A73E0F200BECE68 /* TCITTestUIKITUITestsLaunchTests.swift in Sources */ = {isa = PBXBuildFile; fileRef = FD9BA5C82A73E0F200BECE68 /* TCITTestUIKITUITestsLaunchTests.swift */; };
		FD9BA5D72A73E9D700BECE68 /* FilterView.swift in Sources */ = {isa = PBXBuildFile; fileRef = FD9BA5D62A73E9D700BECE68 /* FilterView.swift */; };
		FD9BA5DA2A73F35100BECE68 /* RxCocoa in Frameworks */ = {isa = PBXBuildFile; productRef = FD9BA5D92A73F35100BECE68 /* RxCocoa */; };
		FD9BA5DC2A73F35100BECE68 /* RxSwift in Frameworks */ = {isa = PBXBuildFile; productRef = FD9BA5DB2A73F35100BECE68 /* RxSwift */; };
		FD9BA5E02A73F7B100BECE68 /* PostCellViewTableViewCell.swift in Sources */ = {isa = PBXBuildFile; fileRef = FD9BA5DF2A73F7B100BECE68 /* PostCellViewTableViewCell.swift */; };
		FD9BA5E62A73FEB000BECE68 /* PostManager.swift in Sources */ = {isa = PBXBuildFile; fileRef = FD9BA5E22A73FEB000BECE68 /* PostManager.swift */; };
		FD9BA5E72A73FEB000BECE68 /* MockPostManager.swift in Sources */ = {isa = PBXBuildFile; fileRef = FD9BA5E32A73FEB000BECE68 /* MockPostManager.swift */; };
		FD9BA5E82A73FEB000BECE68 /* Post.swift in Sources */ = {isa = PBXBuildFile; fileRef = FD9BA5E42A73FEB000BECE68 /* Post.swift */; };
		FD9BA5E92A73FEB000BECE68 /* MockPostData.swift in Sources */ = {isa = PBXBuildFile; fileRef = FD9BA5E52A73FEB000BECE68 /* MockPostData.swift */; };
		FD9BA5EB2A73FFB800BECE68 /* AddView.swift in Sources */ = {isa = PBXBuildFile; fileRef = FD9BA5EA2A73FFB800BECE68 /* AddView.swift */; };
		FD9BA5ED2A74079E00BECE68 /* PostViewModel.swift in Sources */ = {isa = PBXBuildFile; fileRef = FD9BA5EC2A74079E00BECE68 /* PostViewModel.swift */; };
/* End PBXBuildFile section */

/* Begin PBXContainerItemProxy section */
		FD9BA5B92A73E0F200BECE68 /* PBXContainerItemProxy */ = {
			isa = PBXContainerItemProxy;
			containerPortal = FD9BA59A2A73E0F100BECE68 /* Project object */;
			proxyType = 1;
			remoteGlobalIDString = FD9BA5A12A73E0F100BECE68;
			remoteInfo = TCITTestUIKIT;
		};
		FD9BA5C32A73E0F200BECE68 /* PBXContainerItemProxy */ = {
			isa = PBXContainerItemProxy;
			containerPortal = FD9BA59A2A73E0F100BECE68 /* Project object */;
			proxyType = 1;
			remoteGlobalIDString = FD9BA5A12A73E0F100BECE68;
			remoteInfo = TCITTestUIKIT;
		};
/* End PBXContainerItemProxy section */

/* Begin PBXFileReference section */
		FD9BA5A22A73E0F100BECE68 /* TCITTestUIKIT.app */ = {isa = PBXFileReference; explicitFileType = wrapper.application; includeInIndex = 0; path = TCITTestUIKIT.app; sourceTree = BUILT_PRODUCTS_DIR; };
		FD9BA5A52A73E0F100BECE68 /* AppDelegate.swift */ = {isa = PBXFileReference; lastKnownFileType = sourcecode.swift; path = AppDelegate.swift; sourceTree = "<group>"; };
		FD9BA5A72A73E0F100BECE68 /* SceneDelegate.swift */ = {isa = PBXFileReference; lastKnownFileType = sourcecode.swift; path = SceneDelegate.swift; sourceTree = "<group>"; };
		FD9BA5A92A73E0F100BECE68 /* PostViewController.swift */ = {isa = PBXFileReference; lastKnownFileType = sourcecode.swift; path = PostViewController.swift; sourceTree = "<group>"; };
		FD9BA5AE2A73E0F200BECE68 /* Assets.xcassets */ = {isa = PBXFileReference; lastKnownFileType = folder.assetcatalog; path = Assets.xcassets; sourceTree = "<group>"; };
		FD9BA5B12A73E0F200BECE68 /* Base */ = {isa = PBXFileReference; lastKnownFileType = file.storyboard; name = Base; path = Base.lproj/LaunchScreen.storyboard; sourceTree = "<group>"; };
		FD9BA5B32A73E0F200BECE68 /* Info.plist */ = {isa = PBXFileReference; lastKnownFileType = text.plist.xml; path = Info.plist; sourceTree = "<group>"; };
		FD9BA5B82A73E0F200BECE68 /* TCITTestUIKITTests.xctest */ = {isa = PBXFileReference; explicitFileType = wrapper.cfbundle; includeInIndex = 0; path = TCITTestUIKITTests.xctest; sourceTree = BUILT_PRODUCTS_DIR; };
		FD9BA5BC2A73E0F200BECE68 /* TCITTestUIKITTests.swift */ = {isa = PBXFileReference; lastKnownFileType = sourcecode.swift; path = TCITTestUIKITTests.swift; sourceTree = "<group>"; };
		FD9BA5C22A73E0F200BECE68 /* TCITTestUIKITUITests.xctest */ = {isa = PBXFileReference; explicitFileType = wrapper.cfbundle; includeInIndex = 0; path = TCITTestUIKITUITests.xctest; sourceTree = BUILT_PRODUCTS_DIR; };
		FD9BA5C62A73E0F200BECE68 /* TCITTestUIKITUITests.swift */ = {isa = PBXFileReference; lastKnownFileType = sourcecode.swift; path = TCITTestUIKITUITests.swift; sourceTree = "<group>"; };
		FD9BA5C82A73E0F200BECE68 /* TCITTestUIKITUITestsLaunchTests.swift */ = {isa = PBXFileReference; lastKnownFileType = sourcecode.swift; path = TCITTestUIKITUITestsLaunchTests.swift; sourceTree = "<group>"; };
		FD9BA5D62A73E9D700BECE68 /* FilterView.swift */ = {isa = PBXFileReference; lastKnownFileType = sourcecode.swift; path = FilterView.swift; sourceTree = "<group>"; };
		FD9BA5DF2A73F7B100BECE68 /* PostCellViewTableViewCell.swift */ = {isa = PBXFileReference; lastKnownFileType = sourcecode.swift; path = PostCellViewTableViewCell.swift; sourceTree = "<group>"; };
		FD9BA5E22A73FEB000BECE68 /* PostManager.swift */ = {isa = PBXFileReference; fileEncoding = 4; lastKnownFileType = sourcecode.swift; path = PostManager.swift; sourceTree = "<group>"; };
		FD9BA5E32A73FEB000BECE68 /* MockPostManager.swift */ = {isa = PBXFileReference; fileEncoding = 4; lastKnownFileType = sourcecode.swift; path = MockPostManager.swift; sourceTree = "<group>"; };
		FD9BA5E42A73FEB000BECE68 /* Post.swift */ = {isa = PBXFileReference; fileEncoding = 4; lastKnownFileType = sourcecode.swift; path = Post.swift; sourceTree = "<group>"; };
		FD9BA5E52A73FEB000BECE68 /* MockPostData.swift */ = {isa = PBXFileReference; fileEncoding = 4; lastKnownFileType = sourcecode.swift; path = MockPostData.swift; sourceTree = "<group>"; };
		FD9BA5EA2A73FFB800BECE68 /* AddView.swift */ = {isa = PBXFileReference; lastKnownFileType = sourcecode.swift; path = AddView.swift; sourceTree = "<group>"; };
		FD9BA5EC2A74079E00BECE68 /* PostViewModel.swift */ = {isa = PBXFileReference; lastKnownFileType = sourcecode.swift; path = PostViewModel.swift; sourceTree = "<group>"; };
		FD9BA5F02A745B5D00BECE68 /* README.md */ = {isa = PBXFileReference; lastKnownFileType = net.daringfireball.markdown; path = README.md; sourceTree = "<group>"; };
/* End PBXFileReference section */

/* Begin PBXFrameworksBuildPhase section */
		FD9BA59F2A73E0F100BECE68 /* Frameworks */ = {
			isa = PBXFrameworksBuildPhase;
			buildActionMask = 2147483647;
			files = (
				FD9BA5DC2A73F35100BECE68 /* RxSwift in Frameworks */,
				FD9BA5DA2A73F35100BECE68 /* RxCocoa in Frameworks */,
			);
			runOnlyForDeploymentPostprocessing = 0;
		};
		FD9BA5B52A73E0F200BECE68 /* Frameworks */ = {
			isa = PBXFrameworksBuildPhase;
			buildActionMask = 2147483647;
			files = (
			);
			runOnlyForDeploymentPostprocessing = 0;
		};
		FD9BA5BF2A73E0F200BECE68 /* Frameworks */ = {
			isa = PBXFrameworksBuildPhase;
			buildActionMask = 2147483647;
			files = (
			);
			runOnlyForDeploymentPostprocessing = 0;
		};
/* End PBXFrameworksBuildPhase section */

/* Begin PBXGroup section */
		FD9BA5992A73E0F100BECE68 = {
			isa = PBXGroup;
			children = (
				FD9BA5A42A73E0F100BECE68 /* TCITTestUIKIT */,
				FD9BA5BB2A73E0F200BECE68 /* TCITTestUIKITTests */,
				FD9BA5C52A73E0F200BECE68 /* TCITTestUIKITUITests */,
				FD9BA5A32A73E0F100BECE68 /* Products */,
			);
			sourceTree = "<group>";
		};
		FD9BA5A32A73E0F100BECE68 /* Products */ = {
			isa = PBXGroup;
			children = (
				FD9BA5A22A73E0F100BECE68 /* TCITTestUIKIT.app */,
				FD9BA5B82A73E0F200BECE68 /* TCITTestUIKITTests.xctest */,
				FD9BA5C22A73E0F200BECE68 /* TCITTestUIKITUITests.xctest */,
			);
			name = Products;
			sourceTree = "<group>";
		};
		FD9BA5A42A73E0F100BECE68 /* TCITTestUIKIT */ = {
			isa = PBXGroup;
			children = (
				FD9BA5E12A73FEB000BECE68 /* Model */,
				FD9BA5D52A73E9C700BECE68 /* Views */,
				FD9BA5A52A73E0F100BECE68 /* AppDelegate.swift */,
				FD9BA5A72A73E0F100BECE68 /* SceneDelegate.swift */,
				FD9BA5A92A73E0F100BECE68 /* PostViewController.swift */,
				FD9BA5AE2A73E0F200BECE68 /* Assets.xcassets */,
				FD9BA5B02A73E0F200BECE68 /* LaunchScreen.storyboard */,
				FD9BA5B32A73E0F200BECE68 /* Info.plist */,
				FD9BA5F02A745B5D00BECE68 /* README.md */,
			);
			path = TCITTestUIKIT;
			sourceTree = "<group>";
		};
		FD9BA5BB2A73E0F200BECE68 /* TCITTestUIKITTests */ = {
			isa = PBXGroup;
			children = (
				FD9BA5BC2A73E0F200BECE68 /* TCITTestUIKITTests.swift */,
			);
			path = TCITTestUIKITTests;
			sourceTree = "<group>";
		};
		FD9BA5C52A73E0F200BECE68 /* TCITTestUIKITUITests */ = {
			isa = PBXGroup;
			children = (
				FD9BA5C62A73E0F200BECE68 /* TCITTestUIKITUITests.swift */,
				FD9BA5C82A73E0F200BECE68 /* TCITTestUIKITUITestsLaunchTests.swift */,
			);
			path = TCITTestUIKITUITests;
			sourceTree = "<group>";
		};
		FD9BA5D52A73E9C700BECE68 /* Views */ = {
			isa = PBXGroup;
			children = (
				FD9BA5D62A73E9D700BECE68 /* FilterView.swift */,
				FD9BA5DF2A73F7B100BECE68 /* PostCellViewTableViewCell.swift */,
				FD9BA5EA2A73FFB800BECE68 /* AddView.swift */,
			);
			path = Views;
			sourceTree = "<group>";
		};
		FD9BA5E12A73FEB000BECE68 /* Model */ = {
			isa = PBXGroup;
			children = (
				FD9BA5E22A73FEB000BECE68 /* PostManager.swift */,
				FD9BA5E32A73FEB000BECE68 /* MockPostManager.swift */,
				FD9BA5E42A73FEB000BECE68 /* Post.swift */,
				FD9BA5E52A73FEB000BECE68 /* MockPostData.swift */,
				FD9BA5EC2A74079E00BECE68 /* PostViewModel.swift */,
			);
			path = Model;
			sourceTree = "<group>";
		};
/* End PBXGroup section */

/* Begin PBXNativeTarget section */
		FD9BA5A12A73E0F100BECE68 /* TCITTestUIKIT */ = {
			isa = PBXNativeTarget;
			buildConfigurationList = FD9BA5CC2A73E0F200BECE68 /* Build configuration list for PBXNativeTarget "TCITTestUIKIT" */;
			buildPhases = (
				FD9BA59E2A73E0F100BECE68 /* Sources */,
				FD9BA59F2A73E0F100BECE68 /* Frameworks */,
				FD9BA5A02A73E0F100BECE68 /* Resources */,
			);
			buildRules = (
			);
			dependencies = (
			);
			name = TCITTestUIKIT;
			packageProductDependencies = (
				FD9BA5D92A73F35100BECE68 /* RxCocoa */,
				FD9BA5DB2A73F35100BECE68 /* RxSwift */,
			);
			productName = TCITTestUIKIT;
			productReference = FD9BA5A22A73E0F100BECE68 /* TCITTestUIKIT.app */;
			productType = "com.apple.product-type.application";
		};
		FD9BA5B72A73E0F200BECE68 /* TCITTestUIKITTests */ = {
			isa = PBXNativeTarget;
			buildConfigurationList = FD9BA5CF2A73E0F200BECE68 /* Build configuration list for PBXNativeTarget "TCITTestUIKITTests" */;
			buildPhases = (
				FD9BA5B42A73E0F200BECE68 /* Sources */,
				FD9BA5B52A73E0F200BECE68 /* Frameworks */,
				FD9BA5B62A73E0F200BECE68 /* Resources */,
			);
			buildRules = (
			);
			dependencies = (
				FD9BA5BA2A73E0F200BECE68 /* PBXTargetDependency */,
			);
			name = TCITTestUIKITTests;
			productName = TCITTestUIKITTests;
			productReference = FD9BA5B82A73E0F200BECE68 /* TCITTestUIKITTests.xctest */;
			productType = "com.apple.product-type.bundle.unit-test";
		};
		FD9BA5C12A73E0F200BECE68 /* TCITTestUIKITUITests */ = {
			isa = PBXNativeTarget;
			buildConfigurationList = FD9BA5D22A73E0F200BECE68 /* Build configuration list for PBXNativeTarget "TCITTestUIKITUITests" */;
			buildPhases = (
				FD9BA5BE2A73E0F200BECE68 /* Sources */,
				FD9BA5BF2A73E0F200BECE68 /* Frameworks */,
				FD9BA5C02A73E0F200BECE68 /* Resources */,
			);
			buildRules = (
			);
			dependencies = (
				FD9BA5C42A73E0F200BECE68 /* PBXTargetDependency */,
			);
			name = TCITTestUIKITUITests;
			productName = TCITTestUIKITUITests;
			productReference = FD9BA5C22A73E0F200BECE68 /* TCITTestUIKITUITests.xctest */;
			productType = "com.apple.product-type.bundle.ui-testing";
		};
/* End PBXNativeTarget section */

/* Begin PBXProject section */
		FD9BA59A2A73E0F100BECE68 /* Project object */ = {
			isa = PBXProject;
			attributes = {
				BuildIndependentTargetsInParallel = 1;
				LastSwiftUpdateCheck = 1430;
				LastUpgradeCheck = 1430;
				TargetAttributes = {
					FD9BA5A12A73E0F100BECE68 = {
						CreatedOnToolsVersion = 14.3.1;
					};
					FD9BA5B72A73E0F200BECE68 = {
						CreatedOnToolsVersion = 14.3.1;
						TestTargetID = FD9BA5A12A73E0F100BECE68;
					};
					FD9BA5C12A73E0F200BECE68 = {
						CreatedOnToolsVersion = 14.3.1;
						TestTargetID = FD9BA5A12A73E0F100BECE68;
					};
				};
			};
			buildConfigurationList = FD9BA59D2A73E0F100BECE68 /* Build configuration list for PBXProject "TCITTestUIKIT" */;
			compatibilityVersion = "Xcode 14.0";
			developmentRegion = en;
			hasScannedForEncodings = 0;
			knownRegions = (
				en,
				Base,
			);
			mainGroup = FD9BA5992A73E0F100BECE68;
			packageReferences = (
				FD9BA5D82A73F35100BECE68 /* XCRemoteSwiftPackageReference "RxSwift" */,
			);
			productRefGroup = FD9BA5A32A73E0F100BECE68 /* Products */;
			projectDirPath = "";
			projectRoot = "";
			targets = (
				FD9BA5A12A73E0F100BECE68 /* TCITTestUIKIT */,
				FD9BA5B72A73E0F200BECE68 /* TCITTestUIKITTests */,
				FD9BA5C12A73E0F200BECE68 /* TCITTestUIKITUITests */,
			);
		};
/* End PBXProject section */

/* Begin PBXResourcesBuildPhase section */
		FD9BA5A02A73E0F100BECE68 /* Resources */ = {
			isa = PBXResourcesBuildPhase;
			buildActionMask = 2147483647;
			files = (
				FD9BA5B22A73E0F200BECE68 /* LaunchScreen.storyboard in Resources */,
				FD9BA5AF2A73E0F200BECE68 /* Assets.xcassets in Resources */,
			);
			runOnlyForDeploymentPostprocessing = 0;
		};
		FD9BA5B62A73E0F200BECE68 /* Resources */ = {
			isa = PBXResourcesBuildPhase;
			buildActionMask = 2147483647;
			files = (
			);
			runOnlyForDeploymentPostprocessing = 0;
		};
		FD9BA5C02A73E0F200BECE68 /* Resources */ = {
			isa = PBXResourcesBuildPhase;
			buildActionMask = 2147483647;
			files = (
			);
			runOnlyForDeploymentPostprocessing = 0;
		};
/* End PBXResourcesBuildPhase section */

/* Begin PBXSourcesBuildPhase section */
		FD9BA59E2A73E0F100BECE68 /* Sources */ = {
			isa = PBXSourcesBuildPhase;
			buildActionMask = 2147483647;
			files = (
				FD9BA5D72A73E9D700BECE68 /* FilterView.swift in Sources */,
				FD9BA5AA2A73E0F100BECE68 /* PostViewController.swift in Sources */,
				FD9BA5EB2A73FFB800BECE68 /* AddView.swift in Sources */,
				FD9BA5E02A73F7B100BECE68 /* PostCellViewTableViewCell.swift in Sources */,
				FD9BA5E82A73FEB000BECE68 /* Post.swift in Sources */,
				FD9BA5E92A73FEB000BECE68 /* MockPostData.swift in Sources */,
				FD9BA5A62A73E0F100BECE68 /* AppDelegate.swift in Sources */,
				FD9BA5ED2A74079E00BECE68 /* PostViewModel.swift in Sources */,
				FD9BA5E72A73FEB000BECE68 /* MockPostManager.swift in Sources */,
				FD9BA5A82A73E0F100BECE68 /* SceneDelegate.swift in Sources */,
				FD9BA5E62A73FEB000BECE68 /* PostManager.swift in Sources */,
			);
			runOnlyForDeploymentPostprocessing = 0;
		};
		FD9BA5B42A73E0F200BECE68 /* Sources */ = {
			isa = PBXSourcesBuildPhase;
			buildActionMask = 2147483647;
			files = (
				FD9BA5BD2A73E0F200BECE68 /* TCITTestUIKITTests.swift in Sources */,
			);
			runOnlyForDeploymentPostprocessing = 0;
		};
		FD9BA5BE2A73E0F200BECE68 /* Sources */ = {
			isa = PBXSourcesBuildPhase;
			buildActionMask = 2147483647;
			files = (
				FD9BA5C72A73E0F200BECE68 /* TCITTestUIKITUITests.swift in Sources */,
				FD9BA5C92A73E0F200BECE68 /* TCITTestUIKITUITestsLaunchTests.swift in Sources */,
			);
			runOnlyForDeploymentPostprocessing = 0;
		};
/* End PBXSourcesBuildPhase section */

/* Begin PBXTargetDependency section */
		FD9BA5BA2A73E0F200BECE68 /* PBXTargetDependency */ = {
			isa = PBXTargetDependency;
			target = FD9BA5A12A73E0F100BECE68 /* TCITTestUIKIT */;
			targetProxy = FD9BA5B92A73E0F200BECE68 /* PBXContainerItemProxy */;
		};
		FD9BA5C42A73E0F200BECE68 /* PBXTargetDependency */ = {
			isa = PBXTargetDependency;
			target = FD9BA5A12A73E0F100BECE68 /* TCITTestUIKIT */;
			targetProxy = FD9BA5C32A73E0F200BECE68 /* PBXContainerItemProxy */;
		};
/* End PBXTargetDependency section */

/* Begin PBXVariantGroup section */
		FD9BA5B02A73E0F200BECE68 /* LaunchScreen.storyboard */ = {
			isa = PBXVariantGroup;
			children = (
				FD9BA5B12A73E0F200BECE68 /* Base */,
			);
			name = LaunchScreen.storyboard;
			sourceTree = "<group>";
		};
/* End PBXVariantGroup section */

/* Begin XCBuildConfiguration section */
		FD9BA5CA2A73E0F200BECE68 /* Debug */ = {
			isa = XCBuildConfiguration;
			buildSettings = {
				ALWAYS_SEARCH_USER_PATHS = NO;
				CLANG_ANALYZER_NONNULL = YES;
				CLANG_ANALYZER_NUMBER_OBJECT_CONVERSION = YES_AGGRESSIVE;
				CLANG_CXX_LANGUAGE_STANDARD = "gnu++20";
				CLANG_ENABLE_MODULES = YES;
				CLANG_ENABLE_OBJC_ARC = YES;
				CLANG_ENABLE_OBJC_WEAK = YES;
				CLANG_WARN_BLOCK_CAPTURE_AUTORELEASING = YES;
				CLANG_WARN_BOOL_CONVERSION = YES;
				CLANG_WARN_COMMA = YES;
				CLANG_WARN_CONSTANT_CONVERSION = YES;
				CLANG_WARN_DEPRECATED_OBJC_IMPLEMENTATIONS = YES;
				CLANG_WARN_DIRECT_OBJC_ISA_USAGE = YES_ERROR;
				CLANG_WARN_DOCUMENTATION_COMMENTS = YES;
				CLANG_WARN_EMPTY_BODY = YES;
				CLANG_WARN_ENUM_CONVERSION = YES;
				CLANG_WARN_INFINITE_RECURSION = YES;
				CLANG_WARN_INT_CONVERSION = YES;
				CLANG_WARN_NON_LITERAL_NULL_CONVERSION = YES;
				CLANG_WARN_OBJC_IMPLICIT_RETAIN_SELF = YES;
				CLANG_WARN_OBJC_LITERAL_CONVERSION = YES;
				CLANG_WARN_OBJC_ROOT_CLASS = YES_ERROR;
				CLANG_WARN_QUOTED_INCLUDE_IN_FRAMEWORK_HEADER = YES;
				CLANG_WARN_RANGE_LOOP_ANALYSIS = YES;
				CLANG_WARN_STRICT_PROTOTYPES = YES;
				CLANG_WARN_SUSPICIOUS_MOVE = YES;
				CLANG_WARN_UNGUARDED_AVAILABILITY = YES_AGGRESSIVE;
				CLANG_WARN_UNREACHABLE_CODE = YES;
				CLANG_WARN__DUPLICATE_METHOD_MATCH = YES;
				COPY_PHASE_STRIP = NO;
				DEBUG_INFORMATION_FORMAT = dwarf;
				ENABLE_STRICT_OBJC_MSGSEND = YES;
				ENABLE_TESTABILITY = YES;
				GCC_C_LANGUAGE_STANDARD = gnu11;
				GCC_DYNAMIC_NO_PIC = NO;
				GCC_NO_COMMON_BLOCKS = YES;
				GCC_OPTIMIZATION_LEVEL = 0;
				GCC_PREPROCESSOR_DEFINITIONS = (
					"DEBUG=1",
					"$(inherited)",
				);
				GCC_WARN_64_TO_32_BIT_CONVERSION = YES;
				GCC_WARN_ABOUT_RETURN_TYPE = YES_ERROR;
				GCC_WARN_UNDECLARED_SELECTOR = YES;
				GCC_WARN_UNINITIALIZED_AUTOS = YES_AGGRESSIVE;
				GCC_WARN_UNUSED_FUNCTION = YES;
				GCC_WARN_UNUSED_VARIABLE = YES;
				IPHONEOS_DEPLOYMENT_TARGET = 16.4;
				MTL_ENABLE_DEBUG_INFO = INCLUDE_SOURCE;
				MTL_FAST_MATH = YES;
				ONLY_ACTIVE_ARCH = YES;
				SDKROOT = iphoneos;
				SWIFT_ACTIVE_COMPILATION_CONDITIONS = DEBUG;
				SWIFT_OPTIMIZATION_LEVEL = "-Onone";
			};
			name = Debug;
		};
		FD9BA5CB2A73E0F200BECE68 /* Release */ = {
			isa = XCBuildConfiguration;
			buildSettings = {
				ALWAYS_SEARCH_USER_PATHS = NO;
				CLANG_ANALYZER_NONNULL = YES;
				CLANG_ANALYZER_NUMBER_OBJECT_CONVERSION = YES_AGGRESSIVE;
				CLANG_CXX_LANGUAGE_STANDARD = "gnu++20";
				CLANG_ENABLE_MODULES = YES;
				CLANG_ENABLE_OBJC_ARC = YES;
				CLANG_ENABLE_OBJC_WEAK = YES;
				CLANG_WARN_BLOCK_CAPTURE_AUTORELEASING = YES;
				CLANG_WARN_BOOL_CONVERSION = YES;
				CLANG_WARN_COMMA = YES;
				CLANG_WARN_CONSTANT_CONVERSION = YES;
				CLANG_WARN_DEPRECATED_OBJC_IMPLEMENTATIONS = YES;
				CLANG_WARN_DIRECT_OBJC_ISA_USAGE = YES_ERROR;
				CLANG_WARN_DOCUMENTATION_COMMENTS = YES;
				CLANG_WARN_EMPTY_BODY = YES;
				CLANG_WARN_ENUM_CONVERSION = YES;
				CLANG_WARN_INFINITE_RECURSION = YES;
				CLANG_WARN_INT_CONVERSION = YES;
				CLANG_WARN_NON_LITERAL_NULL_CONVERSION = YES;
				CLANG_WARN_OBJC_IMPLICIT_RETAIN_SELF = YES;
				CLANG_WARN_OBJC_LITERAL_CONVERSION = YES;
				CLANG_WARN_OBJC_ROOT_CLASS = YES_ERROR;
				CLANG_WARN_QUOTED_INCLUDE_IN_FRAMEWORK_HEADER = YES;
				CLANG_WARN_RANGE_LOOP_ANALYSIS = YES;
				CLANG_WARN_STRICT_PROTOTYPES = YES;
				CLANG_WARN_SUSPICIOUS_MOVE = YES;
				CLANG_WARN_UNGUARDED_AVAILABILITY = YES_AGGRESSIVE;
				CLANG_WARN_UNREACHABLE_CODE = YES;
				CLANG_WARN__DUPLICATE_METHOD_MATCH = YES;
				COPY_PHASE_STRIP = NO;
				DEBUG_INFORMATION_FORMAT = "dwarf-with-dsym";
				ENABLE_NS_ASSERTIONS = NO;
				ENABLE_STRICT_OBJC_MSGSEND = YES;
				GCC_C_LANGUAGE_STANDARD = gnu11;
				GCC_NO_COMMON_BLOCKS = YES;
				GCC_WARN_64_TO_32_BIT_CONVERSION = YES;
				GCC_WARN_ABOUT_RETURN_TYPE = YES_ERROR;
				GCC_WARN_UNDECLARED_SELECTOR = YES;
				GCC_WARN_UNINITIALIZED_AUTOS = YES_AGGRESSIVE;
				GCC_WARN_UNUSED_FUNCTION = YES;
				GCC_WARN_UNUSED_VARIABLE = YES;
				IPHONEOS_DEPLOYMENT_TARGET = 16.4;
				MTL_ENABLE_DEBUG_INFO = NO;
				MTL_FAST_MATH = YES;
				SDKROOT = iphoneos;
				SWIFT_COMPILATION_MODE = wholemodule;
				SWIFT_OPTIMIZATION_LEVEL = "-O";
				VALIDATE_PRODUCT = YES;
			};
			name = Release;
		};
		FD9BA5CD2A73E0F200BECE68 /* Debug */ = {
			isa = XCBuildConfiguration;
			buildSettings = {
				ASSETCATALOG_COMPILER_APPICON_NAME = AppIcon;
				ASSETCATALOG_COMPILER_GLOBAL_ACCENT_COLOR_NAME = AccentColor;
				CODE_SIGN_STYLE = Automatic;
				CURRENT_PROJECT_VERSION = 1;
				GENERATE_INFOPLIST_FILE = YES;
				INFOPLIST_FILE = TCITTestUIKIT/Info.plist;
				INFOPLIST_KEY_UIApplicationSupportsIndirectInputEvents = YES;
				INFOPLIST_KEY_UILaunchStoryboardName = LaunchScreen;
				INFOPLIST_KEY_UIMainStoryboardFile = "";
				INFOPLIST_KEY_UISupportedInterfaceOrientations = UIInterfaceOrientationPortrait;
				INFOPLIST_KEY_UISupportedInterfaceOrientations_iPad = "UIInterfaceOrientationLandscapeLeft UIInterfaceOrientationLandscapeRight UIInterfaceOrientationPortrait UIInterfaceOrientationPortraitUpsideDown";
				LD_RUNPATH_SEARCH_PATHS = (
					"$(inherited)",
					"@executable_path/Frameworks",
				);
				MARKETING_VERSION = 1.0;
				PRODUCT_BUNDLE_IDENTIFIER = luisBarrios.TCITTestUIKIT;
				PRODUCT_NAME = "$(TARGET_NAME)";
				SWIFT_EMIT_LOC_STRINGS = YES;
				SWIFT_VERSION = 5.0;
				TARGETED_DEVICE_FAMILY = "1,2";
			};
			name = Debug;
		};
		FD9BA5CE2A73E0F200BECE68 /* Release */ = {
			isa = XCBuildConfiguration;
			buildSettings = {
				ASSETCATALOG_COMPILER_APPICON_NAME = AppIcon;
				ASSETCATALOG_COMPILER_GLOBAL_ACCENT_COLOR_NAME = AccentColor;
				CODE_SIGN_STYLE = Automatic;
				CURRENT_PROJECT_VERSION = 1;
				GENERATE_INFOPLIST_FILE = YES;
				INFOPLIST_FILE = TCITTestUIKIT/Info.plist;
				INFOPLIST_KEY_UIApplicationSupportsIndirectInputEvents = YES;
				INFOPLIST_KEY_UILaunchStoryboardName = LaunchScreen;
				INFOPLIST_KEY_UIMainStoryboardFile = "";
				INFOPLIST_KEY_UISupportedInterfaceOrientations = UIInterfaceOrientationPortrait;
				INFOPLIST_KEY_UISupportedInterfaceOrientations_iPad = "UIInterfaceOrientationLandscapeLeft UIInterfaceOrientationLandscapeRight UIInterfaceOrientationPortrait UIInterfaceOrientationPortraitUpsideDown";
				LD_RUNPATH_SEARCH_PATHS = (
					"$(inherited)",
					"@executable_path/Frameworks",
				);
				MARKETING_VERSION = 1.0;
				PRODUCT_BUNDLE_IDENTIFIER = luisBarrios.TCITTestUIKIT;
				PRODUCT_NAME = "$(TARGET_NAME)";
				SWIFT_EMIT_LOC_STRINGS = YES;
				SWIFT_VERSION = 5.0;
				TARGETED_DEVICE_FAMILY = "1,2";
			};
			name = Release;
		};
		FD9BA5D02A73E0F200BECE68 /* Debug */ = {
			isa = XCBuildConfiguration;
			buildSettings = {
				ALWAYS_EMBED_SWIFT_STANDARD_LIBRARIES = YES;
				BUNDLE_LOADER = "$(TEST_HOST)";
				CODE_SIGN_STYLE = Automatic;
				CURRENT_PROJECT_VERSION = 1;
				GENERATE_INFOPLIST_FILE = YES;
				IPHONEOS_DEPLOYMENT_TARGET = 16.4;
				MARKETING_VERSION = 1.0;
				PRODUCT_BUNDLE_IDENTIFIER = luisBarrios.TCITTestUIKITTests;
				PRODUCT_NAME = "$(TARGET_NAME)";
				SWIFT_EMIT_LOC_STRINGS = NO;
				SWIFT_VERSION = 5.0;
				TARGETED_DEVICE_FAMILY = "1,2";
				TEST_HOST = "$(BUILT_PRODUCTS_DIR)/TCITTestUIKIT.app/$(BUNDLE_EXECUTABLE_FOLDER_PATH)/TCITTestUIKIT";
			};
			name = Debug;
		};
		FD9BA5D12A73E0F200BECE68 /* Release */ = {
			isa = XCBuildConfiguration;
			buildSettings = {
				ALWAYS_EMBED_SWIFT_STANDARD_LIBRARIES = YES;
				BUNDLE_LOADER = "$(TEST_HOST)";
				CODE_SIGN_STYLE = Automatic;
				CURRENT_PROJECT_VERSION = 1;
				GENERATE_INFOPLIST_FILE = YES;
				IPHONEOS_DEPLOYMENT_TARGET = 16.4;
				MARKETING_VERSION = 1.0;
				PRODUCT_BUNDLE_IDENTIFIER = luisBarrios.TCITTestUIKITTests;
				PRODUCT_NAME = "$(TARGET_NAME)";
				SWIFT_EMIT_LOC_STRINGS = NO;
				SWIFT_VERSION = 5.0;
				TARGETED_DEVICE_FAMILY = "1,2";
				TEST_HOST = "$(BUILT_PRODUCTS_DIR)/TCITTestUIKIT.app/$(BUNDLE_EXECUTABLE_FOLDER_PATH)/TCITTestUIKIT";
			};
			name = Release;
		};
		FD9BA5D32A73E0F200BECE68 /* Debug */ = {
			isa = XCBuildConfiguration;
			buildSettings = {
				ALWAYS_EMBED_SWIFT_STANDARD_LIBRARIES = YES;
				CODE_SIGN_STYLE = Automatic;
				CURRENT_PROJECT_VERSION = 1;
				GENERATE_INFOPLIST_FILE = YES;
				MARKETING_VERSION = 1.0;
				PRODUCT_BUNDLE_IDENTIFIER = luisBarrios.TCITTestUIKITUITests;
				PRODUCT_NAME = "$(TARGET_NAME)";
				SWIFT_EMIT_LOC_STRINGS = NO;
				SWIFT_VERSION = 5.0;
				TARGETED_DEVICE_FAMILY = "1,2";
				TEST_TARGET_NAME = TCITTestUIKIT;
			};
			name = Debug;
		};
		FD9BA5D42A73E0F200BECE68 /* Release */ = {
			isa = XCBuildConfiguration;
			buildSettings = {
				ALWAYS_EMBED_SWIFT_STANDARD_LIBRARIES = YES;
				CODE_SIGN_STYLE = Automatic;
				CURRENT_PROJECT_VERSION = 1;
				GENERATE_INFOPLIST_FILE = YES;
				MARKETING_VERSION = 1.0;
				PRODUCT_BUNDLE_IDENTIFIER = luisBarrios.TCITTestUIKITUITests;
				PRODUCT_NAME = "$(TARGET_NAME)";
				SWIFT_EMIT_LOC_STRINGS = NO;
				SWIFT_VERSION = 5.0;
				TARGETED_DEVICE_FAMILY = "1,2";
				TEST_TARGET_NAME = TCITTestUIKIT;
			};
			name = Release;
		};
/* End XCBuildConfiguration section */

/* Begin XCConfigurationList section */
		FD9BA59D2A73E0F100BECE68 /* Build configuration list for PBXProject "TCITTestUIKIT" */ = {
			isa = XCConfigurationList;
			buildConfigurations = (
				FD9BA5CA2A73E0F200BECE68 /* Debug */,
				FD9BA5CB2A73E0F200BECE68 /* Release */,
			);
			defaultConfigurationIsVisible = 0;
			defaultConfigurationName = Release;
		};
		FD9BA5CC2A73E0F200BECE68 /* Build configuration list for PBXNativeTarget "TCITTestUIKIT" */ = {
			isa = XCConfigurationList;
			buildConfigurations = (
				FD9BA5CD2A73E0F200BECE68 /* Debug */,
				FD9BA5CE2A73E0F200BECE68 /* Release */,
			);
			defaultConfigurationIsVisible = 0;
			defaultConfigurationName = Release;
		};
		FD9BA5CF2A73E0F200BECE68 /* Build configuration list for PBXNativeTarget "TCITTestUIKITTests" */ = {
			isa = XCConfigurationList;
			buildConfigurations = (
				FD9BA5D02A73E0F200BECE68 /* Debug */,
				FD9BA5D12A73E0F200BECE68 /* Release */,
			);
			defaultConfigurationIsVisible = 0;
			defaultConfigurationName = Release;
		};
		FD9BA5D22A73E0F200BECE68 /* Build configuration list for PBXNativeTarget "TCITTestUIKITUITests" */ = {
			isa = XCConfigurationList;
			buildConfigurations = (
				FD9BA5D32A73E0F200BECE68 /* Debug */,
				FD9BA5D42A73E0F200BECE68 /* Release */,
			);
			defaultConfigurationIsVisible = 0;
			defaultConfigurationName = Release;
		};
/* End XCConfigurationList section */

/* Begin XCRemoteSwiftPackageReference section */
		FD9BA5D82A73F35100BECE68 /* XCRemoteSwiftPackageReference "RxSwift" */ = {
			isa = XCRemoteSwiftPackageReference;
			repositoryURL = "https://github.com/ReactiveX/RxSwift.git";
			requirement = {
				kind = exactVersion;
				version = 6.6.0;
			};
		};
/* End XCRemoteSwiftPackageReference section */

/* Begin XCSwiftPackageProductDependency section */
		FD9BA5D92A73F35100BECE68 /* RxCocoa */ = {
			isa = XCSwiftPackageProductDependency;
			package = FD9BA5D82A73F35100BECE68 /* XCRemoteSwiftPackageReference "RxSwift" */;
			productName = RxCocoa;
		};
		FD9BA5DB2A73F35100BECE68 /* RxSwift */ = {
			isa = XCSwiftPackageProductDependency;
			package = FD9BA5D82A73F35100BECE68 /* XCRemoteSwiftPackageReference "RxSwift" */;
			productName = RxSwift;
		};
/* End XCSwiftPackageProductDependency section */
	};
	rootObject = FD9BA59A2A73E0F100BECE68 /* Project object */;
}
